
Microsoft Visual Studio Solution File, Format Version 12.00
# Visual Studio Version 17
VisualStudioVersion = 17.6.33829.357
MinimumVisualStudioVersion = 10.0.40219.1
Project("{FAE04EC0-301F-11D3-BF4B-00C04F79EFBC}") = "8.1.14", "8.1.14\8.1.14.csproj", "{B58A0EF8-AE15-4AA9-8868-A74D44928A55}"
EndProject
Global
	GlobalSection(SolutionConfigurationPlatforms) = preSolution
		Debug|Any CPU = Debug|Any CPU
		Release|Any CPU = Release|Any CPU
	EndGlobalSection
	GlobalSection(ProjectConfigurationPlatforms) = postSolution
		{B58A0EF8-AE15-4AA9-8868-A74D44928A55}.Debug|Any CPU.ActiveCfg = Debug|Any CPU
		{B58A0EF8-AE15-4AA9-8868-A74D44928A55}.Debug|Any CPU.Build.0 = Debug|Any CPU
		{B58A0EF8-AE15-4AA9-8868-A74D44928A55}.Release|Any CPU.ActiveCfg = Release|Any CPU
		{B58A0EF8-AE15-4AA9-8868-A74D44928A55}.Release|Any CPU.Build.0 = Release|Any CPU
	EndGlobalSection
	GlobalSection(SolutionProperties) = preSolution
		HideSolutionNode = FALSE
	EndGlobalSection
	GlobalSection(ExtensibilityGlobals) = postSolution
		SolutionGuid = {25952AC7-2D0A-42AD-8591-960358C9A611}
	EndGlobalSection
EndGlobal
